# THIS IS AN AUTOGENERATED FILE. DO NOT EDIT THIS FILE DIRECTLY.
# yarn lockfile v1


"@sentry/browser@^6.9.0":
  version "6.9.0"
  resolved "https://registry.yarnpkg.com/@sentry/browser/-/browser-6.9.0.tgz#b75ac1a6ff8fe60d451b14aea94d66f9dcd5570f"
  integrity sha512-4JnEPcwoNs6JqeEd4wscBq+hxpotEJ0DJ4eOIsaNZIMyqEHXBHTXCk/gfrSsiZFrkHM4PgvUHOxaC0HcZ92oBA==
  dependencies:
    "@sentry/core" "6.9.0"
    "@sentry/types" "6.9.0"
    "@sentry/utils" "6.9.0"
    tslib "^1.9.3"

"@sentry/core@6.9.0":
  version "6.9.0"
  resolved "https://registry.yarnpkg.com/@sentry/core/-/core-6.9.0.tgz#43b25290f3b1eb2c23f665e1c0fcbadd06d06012"
  integrity sha512-oFX2qQcMLujCeIuCQGlhpTUIOXiU5n6V2lqDnvMXUV8gKpplBPalwdlR9bgbSi+VO8u7LjHR1IKM0RAPWgNHWw==
  dependencies:
    "@sentry/hub" "6.9.0"
    "@sentry/minimal" "6.9.0"
    "@sentry/types" "6.9.0"
    "@sentry/utils" "6.9.0"
    tslib "^1.9.3"

"@sentry/hub@6.9.0":
  version "6.9.0"
  resolved "https://registry.yarnpkg.com/@sentry/hub/-/hub-6.9.0.tgz#21068e12769cc745825e8d122c7e81858f609708"
  integrity sha512-5mors7ojbo7G85ZmoVPQBgFBMONAJwyZfV0LNLy14GenoaVNuxTPyvAQiJb1FYq+x6YZ3CvqGX6r74KRKQU87w==
  dependencies:
    "@sentry/types" "6.9.0"
    "@sentry/utils" "6.9.0"
    tslib "^1.9.3"

"@sentry/minimal@6.9.0":
  version "6.9.0"
  resolved "https://registry.yarnpkg.com/@sentry/minimal/-/minimal-6.9.0.tgz#e6201eb237753994be83ec33866e3fdae9a79bf3"
  integrity sha512-GBZ6wG2Rc1wInYEl2BZTZc/t57O1Da876ifLsSPpEQAEnGWbqZWb8RLjZskH09ZIL/K4XCIDDi5ySzN8kFUWJw==
  dependencies:
    "@sentry/hub" "6.9.0"
    "@sentry/types" "6.9.0"
    tslib "^1.9.3"

"@sentry/tracing@^6.9.0":
  version "6.9.0"
  resolved "https://registry.yarnpkg.com/@sentry/tracing/-/tracing-6.9.0.tgz#5dff993af253ee31e62c5f84ab21b008df7d0841"
  integrity sha512-gogVTypolhPazXr3Lue8HgzBg5Sy1cQpEp5Iq9LtECs+TlOlxJ+S+P+EIjEZ0f1AHVu706jr5cY2G2Shluli9g==
  dependencies:
    "@sentry/hub" "6.9.0"
    "@sentry/minimal" "6.9.0"
    "@sentry/types" "6.9.0"
    "@sentry/utils" "6.9.0"
    tslib "^1.9.3"

"@sentry/types@6.9.0":
  version "6.9.0"
  resolved "https://registry.yarnpkg.com/@sentry/types/-/types-6.9.0.tgz#ef1a541c4240df6a7c6f5f31d7cdddd7d92c15f1"
  integrity sha512-v52HJqLoLapEnqS2NdVtUXPvT+aezQgNXQkp8hiQ3RUdTm5cffwBVG7wlbpE6OsOOIZxd6p1zKylFkwCypiIIA==

"@sentry/utils@6.9.0":
  version "6.9.0"
  resolved "https://registry.yarnpkg.com/@sentry/utils/-/utils-6.9.0.tgz#6bf0bf290a6d37a27078b7c1331a06d8a7e313c5"
  integrity sha512-PimDr6KAi4cCp5hQZ8Az2/pDcdfhTu7WAU30Dd9MZwknpHSTmD4G6QvkdrB5er6kMMnNQOC7rMo6w/Do3m6X3w==
  dependencies:
    "@sentry/types" "6.9.0"
    tslib "^1.9.3"

"@stellar/eslint-config@^2.1.1":
  version "2.1.1"
  resolved "https://registry.yarnpkg.com/@stellar/eslint-config/-/eslint-config-2.1.1.tgz#8796c49e696b841b94bd53e147c87c0e77b218c7"
  integrity sha512-YXNh22NFDIj/jF6Ww/ftGIFF1lMjYyyWz/yTDjVGNJVirSzhq2XaK7W6Mt6IFwBDVRYrdQpKB1jTTbF9+2+bGA==

"@stellar/prettier-config@^1.0.1":
  version "1.0.1"
  resolved "https://registry.yarnpkg.com/@stellar/prettier-config/-/prettier-config-1.0.1.tgz#498a66dc13c66859e3787dabdf958233ddbe9253"
  integrity sha512-w9OPycQp1XGfmHC2VUHe5shpZjNFRlmsRBaK7IHvOvVpglzV2QNJsVFh8RdLREWA0mzF59AWvQbyUCCJLPfdWw==

"@stellar/tsconfig@^1.0.2":
  version "1.0.2"
  resolved "https://registry.yarnpkg.com/@stellar/tsconfig/-/tsconfig-1.0.2.tgz#18e9b1a1d6076e116bb405d11fc034401155292d"
  integrity sha512-lC51QSlYRM8K3oGe0/WGPq+p9+u+yPzwZXSKrZXKOe4sq79vzfiqFbQyp5enOffFzXlahcDyTgY67mBOkJytfw==

"@types/lodash.throttle@^4.1.6":
  version "4.1.6"
  resolved "https://registry.yarnpkg.com/@types/lodash.throttle/-/lodash.throttle-4.1.6.tgz#f5ba2c22244ee42ff6c2c49e614401a870c1009c"
  integrity sha512-/UIH96i/sIRYGC60NoY72jGkCJtFN5KVPhEMMMTjol65effe1gPn0tycJqV5tlSwMTzX8FqzB5yAj0rfGHTPNg==
  dependencies:
    "@types/lodash" "*"

"@types/lodash@*":
  version "4.14.171"
  resolved "https://registry.yarnpkg.com/@types/lodash/-/lodash-4.14.171.tgz#f01b3a5fe3499e34b622c362a46a609fdb23573b"
  integrity sha512-7eQ2xYLLI/LsicL2nejW9Wyko3lcpN6O/z0ZLHrEQsg280zIdCv1t/0m6UtBjUHokCGBQ3gYTbHzDkZ1xOBwwg==

"@types/node@^16.3.1":
  version "16.3.1"
  resolved "https://registry.yarnpkg.com/@types/node/-/node-16.3.1.tgz#24691fa2b0c3ec8c0d34bfcfd495edac5593ebb4"
  integrity sha512-N87VuQi7HEeRJkhzovao/JviiqKjDKMVKxKMfUvSKw+MbkbW8R0nA3fi/MQhhlxV2fQ+2ReM+/Nt4efdrJx3zA==

lodash.throttle@^4.1.1:
  version "4.1.1"
  resolved "https://registry.yarnpkg.com/lodash.throttle/-/lodash.throttle-4.1.1.tgz#c23e91b710242ac70c37f1e1cda9274cc39bf2f4"
  integrity sha1-wj6RtxAkKscMN/HhzaknTMOb8vQ=

tslib@^1.9.3:
  version "1.14.1"
  resolved "https://registry.yarnpkg.com/tslib/-/tslib-1.14.1.tgz#cf2d38bdc34a134bcaf1091c41f6619e2f672d00"
  integrity sha512-Xni35NKzjgMrwevysHTCArtLDpPvye8zV/0E4EyYn43P7/7qvQwPh9BGkHewbMulVntbigmcT7rdX3BNo9wRJg==

tslib@^2.3.0:
  version "2.3.0"
  resolved "https://registry.yarnpkg.com/tslib/-/tslib-2.3.0.tgz#803b8cdab3e12ba581a4ca41c8839bbb0dacb09e"
  integrity sha512-N82ooyxVNm6h1riLCoyS9e3fuJ3AMG2zIZs2Gd1ATcSFjSA23Q0fzjjZeh0jbJvWVDZ0cJT8yaNNaaXHzueNjg==

typescript@^4.3.5:
  version "4.3.5"
  resolved "https://registry.yarnpkg.com/typescript/-/typescript-4.3.5.tgz#4d1c37cc16e893973c45a06886b7113234f119f4"
  integrity sha512-DqQgihaQ9cUrskJo9kIyW/+g0Vxsk8cDtZ52a3NGh0YNTfpUSArXSohyUGnvbPazEPLu398C0UxmKSOrPumUzA==
