# THIS IS AN AUTOGENERATED FILE. DO NOT EDIT THIS FILE DIRECTLY.
# yarn lockfile v1


"@stellar/eslint-config@^2.1.1":
  version "2.1.1"
  resolved "https://registry.yarnpkg.com/@stellar/eslint-config/-/eslint-config-2.1.1.tgz#8796c49e696b841b94bd53e147c87c0e77b218c7"
  integrity sha512-YXNh22NFDIj/jF6Ww/ftGIFF1lMjYyyWz/yTDjVGNJVirSzhq2XaK7W6Mt6IFwBDVRYrdQpKB1jTTbF9+2+bGA==

"@stellar/prettier-config@^1.0.1":
  version "1.0.1"
  resolved "https://registry.yarnpkg.com/@stellar/prettier-config/-/prettier-config-1.0.1.tgz#498a66dc13c66859e3787dabdf958233ddbe9253"
  integrity sha512-w9OPycQp1XGfmHC2VUHe5shpZjNFRlmsRBaK7IHvOvVpglzV2QNJsVFh8RdLREWA0mzF59AWvQbyUCCJLPfdWw==

"@stellar/tsconfig@^1.0.2":
  version "1.0.2"
  resolved "https://registry.yarnpkg.com/@stellar/tsconfig/-/tsconfig-1.0.2.tgz#18e9b1a1d6076e116bb405d11fc034401155292d"
  integrity sha512-lC51QSlYRM8K3oGe0/WGPq+p9+u+yPzwZXSKrZXKOe4sq79vzfiqFbQyp5enOffFzXlahcDyTgY67mBOkJytfw==

"@types/lodash.throttle@^4.1.6":
  version "4.1.6"
  resolved "https://registry.yarnpkg.com/@types/lodash.throttle/-/lodash.throttle-4.1.6.tgz#f5ba2c22244ee42ff6c2c49e614401a870c1009c"
  integrity sha512-/UIH96i/sIRYGC60NoY72jGkCJtFN5KVPhEMMMTjol65effe1gPn0tycJqV5tlSwMTzX8FqzB5yAj0rfGHTPNg==
  dependencies:
    "@types/lodash" "*"

"@types/lodash@*":
  version "4.14.171"
  resolved "https://registry.yarnpkg.com/@types/lodash/-/lodash-4.14.171.tgz#f01b3a5fe3499e34b622c362a46a609fdb23573b"
  integrity sha512-7eQ2xYLLI/LsicL2nejW9Wyko3lcpN6O/z0ZLHrEQsg280zIdCv1t/0m6UtBjUHokCGBQ3gYTbHzDkZ1xOBwwg==

"@types/node@^16.3.1":
  version "16.3.1"
  resolved "https://registry.yarnpkg.com/@types/node/-/node-16.3.1.tgz#24691fa2b0c3ec8c0d34bfcfd495edac5593ebb4"
  integrity sha512-N87VuQi7HEeRJkhzovao/JviiqKjDKMVKxKMfUvSKw+MbkbW8R0nA3fi/MQhhlxV2fQ+2ReM+/Nt4efdrJx3zA==

lodash.throttle@^4.1.1:
  version "4.1.1"
  resolved "https://registry.yarnpkg.com/lodash.throttle/-/lodash.throttle-4.1.1.tgz#c23e91b710242ac70c37f1e1cda9274cc39bf2f4"
  integrity sha1-wj6RtxAkKscMN/HhzaknTMOb8vQ=

typescript@^4.3.5:
  version "4.3.5"
  resolved "https://registry.yarnpkg.com/typescript/-/typescript-4.3.5.tgz#4d1c37cc16e893973c45a06886b7113234f119f4"
  integrity sha512-DqQgihaQ9cUrskJo9kIyW/+g0Vxsk8cDtZ52a3NGh0YNTfpUSArXSohyUGnvbPazEPLu398C0UxmKSOrPumUzA==
